
Microsoft Visual Studio Solution File, Format Version 12.00
# Visual Studio 2013
VisualStudioVersion = 12.0.31101.0
MinimumVisualStudioVersion = 10.0.40219.1
Project("{FAE04EC0-301F-11D3-BF4B-00C04F79EFBC}") = "MongoConsole2", "MongoConsole2\MongoConsole2.csproj", "{38FFD380-BAC7-435C-841D-B7D39B1CD902}"
EndProject
Project("{FAE04EC0-301F-11D3-BF4B-00C04F79EFBC}") = "MongoConsole2Tests", "MongoConsole2Tests\MongoConsole2Tests.csproj", "{ADA40DB6-85DD-4E7A-BCEA-16D1EDDEE4AB}"
EndProject
Global
	GlobalSection(SolutionConfigurationPlatforms) = preSolution
		Debug|Any CPU = Debug|Any CPU
		Release|Any CPU = Release|Any CPU
	EndGlobalSection
	GlobalSection(ProjectConfigurationPlatforms) = postSolution
		{38FFD380-BAC7-435C-841D-B7D39B1CD902}.Debug|Any CPU.ActiveCfg = Debug|Any CPU
		{38FFD380-BAC7-435C-841D-B7D39B1CD902}.Debug|Any CPU.Build.0 = Debug|Any CPU
		{38FFD380-BAC7-435C-841D-B7D39B1CD902}.Release|Any CPU.ActiveCfg = Release|Any CPU
		{38FFD380-BAC7-435C-841D-B7D39B1CD902}.Release|Any CPU.Build.0 = Release|Any CPU
		{ADA40DB6-85DD-4E7A-BCEA-16D1EDDEE4AB}.Debug|Any CPU.ActiveCfg = Debug|Any CPU
		{ADA40DB6-85DD-4E7A-BCEA-16D1EDDEE4AB}.Debug|Any CPU.Build.0 = Debug|Any CPU
		{ADA40DB6-85DD-4E7A-BCEA-16D1EDDEE4AB}.Release|Any CPU.ActiveCfg = Release|Any CPU
		{ADA40DB6-85DD-4E7A-BCEA-16D1EDDEE4AB}.Release|Any CPU.Build.0 = Release|Any CPU
	EndGlobalSection
	GlobalSection(SolutionProperties) = preSolution
		HideSolutionNode = FALSE
	EndGlobalSection
EndGlobal
